// !$*UTF8*$!
{
	archiveVersion = 1;
	classes = {
	};
	objectVersion = 55;
	objects = {

/* Begin PBXBuildFile section */
		54B76FC6D4116D7CEFE53614 /* Pods_ShortClips.framework in Frameworks */ = {isa = PBXBuildFile; fileRef = 5B4045548965D7681DFC84DD /* Pods_ShortClips.framework */; };
		FA69095328EC0EEF00BFA006 /* AppDelegate.swift in Sources */ = {isa = PBXBuildFile; fileRef = FA69095228EC0EEF00BFA006 /* AppDelegate.swift */; };
		FA69095528EC0EEF00BFA006 /* SceneDelegate.swift in Sources */ = {isa = PBXBuildFile; fileRef = FA69095428EC0EEF00BFA006 /* SceneDelegate.swift */; };
		FA69095728EC0EEF00BFA006 /* ViewController.swift in Sources */ = {isa = PBXBuildFile; fileRef = FA69095628EC0EEF00BFA006 /* ViewController.swift */; };
		FA69095A28EC0EF000BFA006 /* Main.storyboard in Resources */ = {isa = PBXBuildFile; fileRef = FA69095828EC0EF000BFA006 /* Main.storyboard */; };
		FA69095D28EC0EF000BFA006 /* ShortClips.xcdatamodeld in Sources */ = {isa = PBXBuildFile; fileRef = FA69095B28EC0EF000BFA006 /* ShortClips.xcdatamodeld */; };
		FA69095F28EC0EF200BFA006 /* Assets.xcassets in Resources */ = {isa = PBXBuildFile; fileRef = FA69095E28EC0EF200BFA006 /* Assets.xcassets */; };
		FA69096228EC0EF200BFA006 /* LaunchScreen.storyboard in Resources */ = {isa = PBXBuildFile; fileRef = FA69096028EC0EF200BFA006 /* LaunchScreen.storyboard */; };
		FA69096D28EC11C000BFA006 /* MoviesViewModel.swift in Sources */ = {isa = PBXBuildFile; fileRef = FA69096C28EC11C000BFA006 /* MoviesViewModel.swift */; };
		FA69097028EC12B600BFA006 /* Constant.swift in Sources */ = {isa = PBXBuildFile; fileRef = FA69096F28EC12B600BFA006 /* Constant.swift */; };
		FA69097228EC15FF00BFA006 /* MoviesModel.swift in Sources */ = {isa = PBXBuildFile; fileRef = FA69097128EC15FF00BFA006 /* MoviesModel.swift */; };
		FABBEE9B28EC2BEF00B97D5B /* MovieTableViewCell.swift in Sources */ = {isa = PBXBuildFile; fileRef = FABBEE9928EC2BEF00B97D5B /* MovieTableViewCell.swift */; };
		FABBEE9C28EC2BEF00B97D5B /* MovieTableViewCell.xib in Resources */ = {isa = PBXBuildFile; fileRef = FABBEE9A28EC2BEF00B97D5B /* MovieTableViewCell.xib */; };
		FABBEE9F28EC4B4200B97D5B /* CustomExtensions.swift in Sources */ = {isa = PBXBuildFile; fileRef = FABBEE9E28EC4B4200B97D5B /* CustomExtensions.swift */; };
		FABBEEEB28EC7A1D00B97D5B /* MovieDetailsViewController.swift in Sources */ = {isa = PBXBuildFile; fileRef = FABBEEEA28EC7A1D00B97D5B /* MovieDetailsViewController.swift */; };
		FABBEEFA28ECBDFE00B97D5B /* Movies+CoreDataClass.swift in Sources */ = {isa = PBXBuildFile; fileRef = FABBEEF828ECBDFE00B97D5B /* Movies+CoreDataClass.swift */; };
		FABBEEFB28ECBDFE00B97D5B /* Movies+CoreDataProperties.swift in Sources */ = {isa = PBXBuildFile; fileRef = FABBEEF928ECBDFE00B97D5B /* Movies+CoreDataProperties.swift */; };
		FABBEEFF28ECBF4100B97D5B /* DatabaseHelper.swift in Sources */ = {isa = PBXBuildFile; fileRef = FABBEEFE28ECBF4100B97D5B /* DatabaseHelper.swift */; };
/* End PBXBuildFile section */

/* Begin PBXFileReference section */
		5B4045548965D7681DFC84DD /* Pods_ShortClips.framework */ = {isa = PBXFileReference; explicitFileType = wrapper.framework; includeInIndex = 0; path = Pods_ShortClips.framework; sourceTree = BUILT_PRODUCTS_DIR; };
		AB5F488695D66A4FF1EC4090 /* Pods-ShortClips.debug.xcconfig */ = {isa = PBXFileReference; includeInIndex = 1; lastKnownFileType = text.xcconfig; name = "Pods-ShortClips.debug.xcconfig"; path = "Target Support Files/Pods-ShortClips/Pods-ShortClips.debug.xcconfig"; sourceTree = "<group>"; };
		CE0B67FC4C902A1A938DE060 /* Pods-ShortClips.release.xcconfig */ = {isa = PBXFileReference; includeInIndex = 1; lastKnownFileType = text.xcconfig; name = "Pods-ShortClips.release.xcconfig"; path = "Target Support Files/Pods-ShortClips/Pods-ShortClips.release.xcconfig"; sourceTree = "<group>"; };
		FA69094F28EC0EEF00BFA006 /* ShortClips.app */ = {isa = PBXFileReference; explicitFileType = wrapper.application; includeInIndex = 0; path = ShortClips.app; sourceTree = BUILT_PRODUCTS_DIR; };
		FA69095228EC0EEF00BFA006 /* AppDelegate.swift */ = {isa = PBXFileReference; lastKnownFileType = sourcecode.swift; path = AppDelegate.swift; sourceTree = "<group>"; };
		FA69095428EC0EEF00BFA006 /* SceneDelegate.swift */ = {isa = PBXFileReference; lastKnownFileType = sourcecode.swift; path = SceneDelegate.swift; sourceTree = "<group>"; };
		FA69095628EC0EEF00BFA006 /* ViewController.swift */ = {isa = PBXFileReference; lastKnownFileType = sourcecode.swift; path = ViewController.swift; sourceTree = "<group>"; };
		FA69095928EC0EF000BFA006 /* Base */ = {isa = PBXFileReference; lastKnownFileType = file.storyboard; name = Base; path = Base.lproj/Main.storyboard; sourceTree = "<group>"; };
		FA69095C28EC0EF000BFA006 /* ShortClips.xcdatamodel */ = {isa = PBXFileReference; lastKnownFileType = wrapper.xcdatamodel; path = ShortClips.xcdatamodel; sourceTree = "<group>"; };
		FA69095E28EC0EF200BFA006 /* Assets.xcassets */ = {isa = PBXFileReference; lastKnownFileType = folder.assetcatalog; path = Assets.xcassets; sourceTree = "<group>"; };
		FA69096128EC0EF200BFA006 /* Base */ = {isa = PBXFileReference; lastKnownFileType = file.storyboard; name = Base; path = Base.lproj/LaunchScreen.storyboard; sourceTree = "<group>"; };
		FA69096328EC0EF200BFA006 /* Info.plist */ = {isa = PBXFileReference; lastKnownFileType = text.plist.xml; path = Info.plist; sourceTree = "<group>"; };
		FA69096C28EC11C000BFA006 /* MoviesViewModel.swift */ = {isa = PBXFileReference; lastKnownFileType = sourcecode.swift; path = MoviesViewModel.swift; sourceTree = "<group>"; };
		FA69096F28EC12B600BFA006 /* Constant.swift */ = {isa = PBXFileReference; lastKnownFileType = sourcecode.swift; path = Constant.swift; sourceTree = "<group>"; };
		FA69097128EC15FF00BFA006 /* MoviesModel.swift */ = {isa = PBXFileReference; lastKnownFileType = sourcecode.swift; path = MoviesModel.swift; sourceTree = "<group>"; };
		FABBEE9928EC2BEF00B97D5B /* MovieTableViewCell.swift */ = {isa = PBXFileReference; fileEncoding = 4; lastKnownFileType = sourcecode.swift; path = MovieTableViewCell.swift; sourceTree = "<group>"; };
		FABBEE9A28EC2BEF00B97D5B /* MovieTableViewCell.xib */ = {isa = PBXFileReference; fileEncoding = 4; lastKnownFileType = file.xib; path = MovieTableViewCell.xib; sourceTree = "<group>"; };
		FABBEE9E28EC4B4200B97D5B /* CustomExtensions.swift */ = {isa = PBXFileReference; lastKnownFileType = sourcecode.swift; path = CustomExtensions.swift; sourceTree = "<group>"; };
		FABBEEEA28EC7A1D00B97D5B /* MovieDetailsViewController.swift */ = {isa = PBXFileReference; lastKnownFileType = sourcecode.swift; path = MovieDetailsViewController.swift; sourceTree = "<group>"; };
		FABBEEF828ECBDFE00B97D5B /* Movies+CoreDataClass.swift */ = {isa = PBXFileReference; lastKnownFileType = sourcecode.swift; path = "Movies+CoreDataClass.swift"; sourceTree = "<group>"; };
		FABBEEF928ECBDFE00B97D5B /* Movies+CoreDataProperties.swift */ = {isa = PBXFileReference; lastKnownFileType = sourcecode.swift; path = "Movies+CoreDataProperties.swift"; sourceTree = "<group>"; };
		FABBEEFE28ECBF4100B97D5B /* DatabaseHelper.swift */ = {isa = PBXFileReference; lastKnownFileType = sourcecode.swift; path = DatabaseHelper.swift; sourceTree = "<group>"; };
/* End PBXFileReference section */

/* Begin PBXFrameworksBuildPhase section */
		FA69094C28EC0EEF00BFA006 /* Frameworks */ = {
			isa = PBXFrameworksBuildPhase;
			buildActionMask = 2147483647;
			files = (
				54B76FC6D4116D7CEFE53614 /* Pods_ShortClips.framework in Frameworks */,
			);
			runOnlyForDeploymentPostprocessing = 0;
		};
/* End PBXFrameworksBuildPhase section */

/* Begin PBXGroup section */
		42220B054A8190B505B87593 /* Pods */ = {
			isa = PBXGroup;
			children = (
				AB5F488695D66A4FF1EC4090 /* Pods-ShortClips.debug.xcconfig */,
				CE0B67FC4C902A1A938DE060 /* Pods-ShortClips.release.xcconfig */,
			);
			path = Pods;
			sourceTree = "<group>";
		};
		CFBFA5E52170F42D8EFAF323 /* Frameworks */ = {
			isa = PBXGroup;
			children = (
				5B4045548965D7681DFC84DD /* Pods_ShortClips.framework */,
			);
			name = Frameworks;
			sourceTree = "<group>";
		};
		FA69094628EC0EEF00BFA006 = {
			isa = PBXGroup;
			children = (
				FA69095128EC0EEF00BFA006 /* ShortClips */,
				FA69095028EC0EEF00BFA006 /* Products */,
				42220B054A8190B505B87593 /* Pods */,
				CFBFA5E52170F42D8EFAF323 /* Frameworks */,
			);
			sourceTree = "<group>";
		};
		FA69095028EC0EEF00BFA006 /* Products */ = {
			isa = PBXGroup;
			children = (
				FA69094F28EC0EEF00BFA006 /* ShortClips.app */,
			);
			name = Products;
			sourceTree = "<group>";
		};
		FA69095128EC0EEF00BFA006 /* ShortClips */ = {
			isa = PBXGroup;
			children = (
				FA69095228EC0EEF00BFA006 /* AppDelegate.swift */,
				FA69095E28EC0EF200BFA006 /* Assets.xcassets */,
				FABBEE9D28EC4B2500B97D5B /* Common */,
				FA69096E28EC12A500BFA006 /* Constant */,
				FA69096928EC103500BFA006 /* Controller */,
				FABBEEFD28ECBE2C00B97D5B /* CoreDataClasses */,
				FABBEE9828EC2BDF00B97D5B /* CustomCells */,
				FA69096328EC0EF200BFA006 /* Info.plist */,
				FA69096028EC0EF200BFA006 /* LaunchScreen.storyboard */,
				FA69095828EC0EF000BFA006 /* Main.storyboard */,
				FA69096A28EC103B00BFA006 /* Model */,
				FA69095428EC0EEF00BFA006 /* SceneDelegate.swift */,
				FA69095B28EC0EF000BFA006 /* ShortClips.xcdatamodeld */,
				FA69096B28EC104000BFA006 /* ViewModel */,
			);
			path = ShortClips;
			sourceTree = "<group>";
		};
		FA69096928EC103500BFA006 /* Controller */ = {
			isa = PBXGroup;
			children = (
				FA69095628EC0EEF00BFA006 /* ViewController.swift */,
				FABBEEEA28EC7A1D00B97D5B /* MovieDetailsViewController.swift */,
			);
			path = Controller;
			sourceTree = "<group>";
		};
		FA69096A28EC103B00BFA006 /* Model */ = {
			isa = PBXGroup;
			children = (
				FA69097128EC15FF00BFA006 /* MoviesModel.swift */,
			);
			path = Model;
			sourceTree = "<group>";
		};
		FA69096B28EC104000BFA006 /* ViewModel */ = {
			isa = PBXGroup;
			children = (
				FA69096C28EC11C000BFA006 /* MoviesViewModel.swift */,
			);
			path = ViewModel;
			sourceTree = "<group>";
		};
		FA69096E28EC12A500BFA006 /* Constant */ = {
			isa = PBXGroup;
			children = (
				FA69096F28EC12B600BFA006 /* Constant.swift */,
			);
			path = Constant;
			sourceTree = "<group>";
		};
		FABBEE9828EC2BDF00B97D5B /* CustomCells */ = {
			isa = PBXGroup;
			children = (
				FABBEE9928EC2BEF00B97D5B /* MovieTableViewCell.swift */,
				FABBEE9A28EC2BEF00B97D5B /* MovieTableViewCell.xib */,
			);
			path = CustomCells;
			sourceTree = "<group>";
		};
		FABBEE9D28EC4B2500B97D5B /* Common */ = {
			isa = PBXGroup;
			children = (
				FABBEE9E28EC4B4200B97D5B /* CustomExtensions.swift */,
				FABBEEFE28ECBF4100B97D5B /* DatabaseHelper.swift */,
			);
			path = Common;
			sourceTree = "<group>";
		};
		FABBEEFD28ECBE2C00B97D5B /* CoreDataClasses */ = {
			isa = PBXGroup;
			children = (
				FABBEEF828ECBDFE00B97D5B /* Movies+CoreDataClass.swift */,
				FABBEEF928ECBDFE00B97D5B /* Movies+CoreDataProperties.swift */,
			);
			path = CoreDataClasses;
			sourceTree = "<group>";
		};
/* End PBXGroup section */

/* Begin PBXNativeTarget section */
		FA69094E28EC0EEF00BFA006 /* ShortClips */ = {
			isa = PBXNativeTarget;
			buildConfigurationList = FA69096628EC0EF200BFA006 /* Build configuration list for PBXNativeTarget "ShortClips" */;
			buildPhases = (
				73461DC31F8521504AFA8DC2 /* [CP] Check Pods Manifest.lock */,
				FA69094B28EC0EEF00BFA006 /* Sources */,
				FA69094C28EC0EEF00BFA006 /* Frameworks */,
				FA69094D28EC0EEF00BFA006 /* Resources */,
				9121A38FAAF4994FF31AE596 /* [CP] Embed Pods Frameworks */,
			);
			buildRules = (
			);
			dependencies = (
			);
			name = ShortClips;
			productName = ShortClips;
			productReference = FA69094F28EC0EEF00BFA006 /* ShortClips.app */;
			productType = "com.apple.product-type.application";
		};
/* End PBXNativeTarget section */

/* Begin PBXProject section */
		FA69094728EC0EEF00BFA006 /* Project object */ = {
			isa = PBXProject;
			attributes = {
				BuildIndependentTargetsInParallel = 1;
				LastSwiftUpdateCheck = 1330;
				LastUpgradeCheck = 1330;
				TargetAttributes = {
					FA69094E28EC0EEF00BFA006 = {
						CreatedOnToolsVersion = 13.3.1;
					};
				};
			};
			buildConfigurationList = FA69094A28EC0EEF00BFA006 /* Build configuration list for PBXProject "ShortClips" */;
			compatibilityVersion = "Xcode 13.0";
			developmentRegion = en;
			hasScannedForEncodings = 0;
			knownRegions = (
				en,
				Base,
			);
			mainGroup = FA69094628EC0EEF00BFA006;
			productRefGroup = FA69095028EC0EEF00BFA006 /* Products */;
			projectDirPath = "";
			projectRoot = "";
			targets = (
				FA69094E28EC0EEF00BFA006 /* ShortClips */,
			);
		};
/* End PBXProject section */

/* Begin PBXResourcesBuildPhase section */
		FA69094D28EC0EEF00BFA006 /* Resources */ = {
			isa = PBXResourcesBuildPhase;
			buildActionMask = 2147483647;
			files = (
				FA69096228EC0EF200BFA006 /* LaunchScreen.storyboard in Resources */,
				FA69095F28EC0EF200BFA006 /* Assets.xcassets in Resources */,
				FABBEE9C28EC2BEF00B97D5B /* MovieTableViewCell.xib in Resources */,
				FA69095A28EC0EF000BFA006 /* Main.storyboard in Resources */,
			);
			runOnlyForDeploymentPostprocessing = 0;
		};
/* End PBXResourcesBuildPhase section */

/* Begin PBXShellScriptBuildPhase section */
		73461DC31F8521504AFA8DC2 /* [CP] Check Pods Manifest.lock */ = {
			isa = PBXShellScriptBuildPhase;
			buildActionMask = 2147483647;
			files = (
			);
			inputFileListPaths = (
			);
			inputPaths = (
				"${PODS_PODFILE_DIR_PATH}/Podfile.lock",
				"${PODS_ROOT}/Manifest.lock",
			);
			name = "[CP] Check Pods Manifest.lock";
			outputFileListPaths = (
			);
			outputPaths = (
				"$(DERIVED_FILE_DIR)/Pods-ShortClips-checkManifestLockResult.txt",
			);
			runOnlyForDeploymentPostprocessing = 0;
			shellPath = /bin/sh;
			shellScript = "diff \"${PODS_PODFILE_DIR_PATH}/Podfile.lock\" \"${PODS_ROOT}/Manifest.lock\" > /dev/null\nif [ $? != 0 ] ; then\n    # print error to STDERR\n    echo \"error: The sandbox is not in sync with the Podfile.lock. Run 'pod install' or update your CocoaPods installation.\" >&2\n    exit 1\nfi\n# This output is used by Xcode 'outputs' to avoid re-running this script phase.\necho \"SUCCESS\" > \"${SCRIPT_OUTPUT_FILE_0}\"\n";
			showEnvVarsInLog = 0;
		};
		9121A38FAAF4994FF31AE596 /* [CP] Embed Pods Frameworks */ = {
			isa = PBXShellScriptBuildPhase;
			buildActionMask = 2147483647;
			files = (
			);
			inputFileListPaths = (
				"${PODS_ROOT}/Target Support Files/Pods-ShortClips/Pods-ShortClips-frameworks-${CONFIGURATION}-input-files.xcfilelist",
			);
			name = "[CP] Embed Pods Frameworks";
			outputFileListPaths = (
				"${PODS_ROOT}/Target Support Files/Pods-ShortClips/Pods-ShortClips-frameworks-${CONFIGURATION}-output-files.xcfilelist",
			);
			runOnlyForDeploymentPostprocessing = 0;
			shellPath = /bin/sh;
			shellScript = "\"${PODS_ROOT}/Target Support Files/Pods-ShortClips/Pods-ShortClips-frameworks.sh\"\n";
			showEnvVarsInLog = 0;
		};
/* End PBXShellScriptBuildPhase section */

/* Begin PBXSourcesBuildPhase section */
		FA69094B28EC0EEF00BFA006 /* Sources */ = {
			isa = PBXSourcesBuildPhase;
			buildActionMask = 2147483647;
			files = (
				FABBEEFB28ECBDFE00B97D5B /* Movies+CoreDataProperties.swift in Sources */,
				FABBEEFA28ECBDFE00B97D5B /* Movies+CoreDataClass.swift in Sources */,
				FABBEEEB28EC7A1D00B97D5B /* MovieDetailsViewController.swift in Sources */,
				FA69095728EC0EEF00BFA006 /* ViewController.swift in Sources */,
				FA69095328EC0EEF00BFA006 /* AppDelegate.swift in Sources */,
				FABBEE9B28EC2BEF00B97D5B /* MovieTableViewCell.swift in Sources */,
				FABBEE9F28EC4B4200B97D5B /* CustomExtensions.swift in Sources */,
				FA69097228EC15FF00BFA006 /* MoviesModel.swift in Sources */,
				FA69095D28EC0EF000BFA006 /* ShortClips.xcdatamodeld in Sources */,
				FA69095528EC0EEF00BFA006 /* SceneDelegate.swift in Sources */,
				FA69096D28EC11C000BFA006 /* MoviesViewModel.swift in Sources */,
				FA69097028EC12B600BFA006 /* Constant.swift in Sources */,
				FABBEEFF28ECBF4100B97D5B /* DatabaseHelper.swift in Sources */,
			);
			runOnlyForDeploymentPostprocessing = 0;
		};
/* End PBXSourcesBuildPhase section */

/* Begin PBXVariantGroup section */
		FA69095828EC0EF000BFA006 /* Main.storyboard */ = {
			isa = PBXVariantGroup;
			children = (
				FA69095928EC0EF000BFA006 /* Base */,
			);
			name = Main.storyboard;
			sourceTree = "<group>";
		};
		FA69096028EC0EF200BFA006 /* LaunchScreen.storyboard */ = {
			isa = PBXVariantGroup;
			children = (
				FA69096128EC0EF200BFA006 /* Base */,
			);
			name = LaunchScreen.storyboard;
			sourceTree = "<group>";
		};
/* End PBXVariantGroup section */

/* Begin XCBuildConfiguration section */
		FA69096428EC0EF200BFA006 /* Debug */ = {
			isa = XCBuildConfiguration;
			buildSettings = {
				ALWAYS_SEARCH_USER_PATHS = NO;
				CLANG_ANALYZER_NONNULL = YES;
				CLANG_ANALYZER_NUMBER_OBJECT_CONVERSION = YES_AGGRESSIVE;
				CLANG_CXX_LANGUAGE_STANDARD = "gnu++17";
				CLANG_ENABLE_MODULES = YES;
				CLANG_ENABLE_OBJC_ARC = YES;
				CLANG_ENABLE_OBJC_WEAK = YES;
				CLANG_WARN_BLOCK_CAPTURE_AUTORELEASING = YES;
				CLANG_WARN_BOOL_CONVERSION = YES;
				CLANG_WARN_COMMA = YES;
				CLANG_WARN_CONSTANT_CONVERSION = YES;
				CLANG_WARN_DEPRECATED_OBJC_IMPLEMENTATIONS = YES;
				CLANG_WARN_DIRECT_OBJC_ISA_USAGE = YES_ERROR;
				CLANG_WARN_DOCUMENTATION_COMMENTS = YES;
				CLANG_WARN_EMPTY_BODY = YES;
				CLANG_WARN_ENUM_CONVERSION = YES;
				CLANG_WARN_INFINITE_RECURSION = YES;
				CLANG_WARN_INT_CONVERSION = YES;
				CLANG_WARN_NON_LITERAL_NULL_CONVERSION = YES;
				CLANG_WARN_OBJC_IMPLICIT_RETAIN_SELF = YES;
				CLANG_WARN_OBJC_LITERAL_CONVERSION = YES;
				CLANG_WARN_OBJC_ROOT_CLASS = YES_ERROR;
				CLANG_WARN_QUOTED_INCLUDE_IN_FRAMEWORK_HEADER = YES;
				CLANG_WARN_RANGE_LOOP_ANALYSIS = YES;
				CLANG_WARN_STRICT_PROTOTYPES = YES;
				CLANG_WARN_SUSPICIOUS_MOVE = YES;
				CLANG_WARN_UNGUARDED_AVAILABILITY = YES_AGGRESSIVE;
				CLANG_WARN_UNREACHABLE_CODE = YES;
				CLANG_WARN__DUPLICATE_METHOD_MATCH = YES;
				COPY_PHASE_STRIP = NO;
				DEBUG_INFORMATION_FORMAT = dwarf;
				ENABLE_STRICT_OBJC_MSGSEND = YES;
				ENABLE_TESTABILITY = YES;
				GCC_C_LANGUAGE_STANDARD = gnu11;
				GCC_DYNAMIC_NO_PIC = NO;
				GCC_NO_COMMON_BLOCKS = YES;
				GCC_OPTIMIZATION_LEVEL = 0;
				GCC_PREPROCESSOR_DEFINITIONS = (
					"DEBUG=1",
					"$(inherited)",
				);
				GCC_WARN_64_TO_32_BIT_CONVERSION = YES;
				GCC_WARN_ABOUT_RETURN_TYPE = YES_ERROR;
				GCC_WARN_UNDECLARED_SELECTOR = YES;
				GCC_WARN_UNINITIALIZED_AUTOS = YES_AGGRESSIVE;
				GCC_WARN_UNUSED_FUNCTION = YES;
				GCC_WARN_UNUSED_VARIABLE = YES;
				IPHONEOS_DEPLOYMENT_TARGET = 15.4;
				MTL_ENABLE_DEBUG_INFO = INCLUDE_SOURCE;
				MTL_FAST_MATH = YES;
				ONLY_ACTIVE_ARCH = YES;
				SDKROOT = iphoneos;
				SWIFT_ACTIVE_COMPILATION_CONDITIONS = DEBUG;
				SWIFT_OPTIMIZATION_LEVEL = "-Onone";
			};
			name = Debug;
		};
		FA69096528EC0EF200BFA006 /* Release */ = {
			isa = XCBuildConfiguration;
			buildSettings = {
				ALWAYS_SEARCH_USER_PATHS = NO;
				CLANG_ANALYZER_NONNULL = YES;
				CLANG_ANALYZER_NUMBER_OBJECT_CONVERSION = YES_AGGRESSIVE;
				CLANG_CXX_LANGUAGE_STANDARD = "gnu++17";
				CLANG_ENABLE_MODULES = YES;
				CLANG_ENABLE_OBJC_ARC = YES;
				CLANG_ENABLE_OBJC_WEAK = YES;
				CLANG_WARN_BLOCK_CAPTURE_AUTORELEASING = YES;
				CLANG_WARN_BOOL_CONVERSION = YES;
				CLANG_WARN_COMMA = YES;
				CLANG_WARN_CONSTANT_CONVERSION = YES;
				CLANG_WARN_DEPRECATED_OBJC_IMPLEMENTATIONS = YES;
				CLANG_WARN_DIRECT_OBJC_ISA_USAGE = YES_ERROR;
				CLANG_WARN_DOCUMENTATION_COMMENTS = YES;
				CLANG_WARN_EMPTY_BODY = YES;
				CLANG_WARN_ENUM_CONVERSION = YES;
				CLANG_WARN_INFINITE_RECURSION = YES;
				CLANG_WARN_INT_CONVERSION = YES;
				CLANG_WARN_NON_LITERAL_NULL_CONVERSION = YES;
				CLANG_WARN_OBJC_IMPLICIT_RETAIN_SELF = YES;
				CLANG_WARN_OBJC_LITERAL_CONVERSION = YES;
				CLANG_WARN_OBJC_ROOT_CLASS = YES_ERROR;
				CLANG_WARN_QUOTED_INCLUDE_IN_FRAMEWORK_HEADER = YES;
				CLANG_WARN_RANGE_LOOP_ANALYSIS = YES;
				CLANG_WARN_STRICT_PROTOTYPES = YES;
				CLANG_WARN_SUSPICIOUS_MOVE = YES;
				CLANG_WARN_UNGUARDED_AVAILABILITY = YES_AGGRESSIVE;
				CLANG_WARN_UNREACHABLE_CODE = YES;
				CLANG_WARN__DUPLICATE_METHOD_MATCH = YES;
				COPY_PHASE_STRIP = NO;
				DEBUG_INFORMATION_FORMAT = "dwarf-with-dsym";
				ENABLE_NS_ASSERTIONS = NO;
				ENABLE_STRICT_OBJC_MSGSEND = YES;
				GCC_C_LANGUAGE_STANDARD = gnu11;
				GCC_NO_COMMON_BLOCKS = YES;
				GCC_WARN_64_TO_32_BIT_CONVERSION = YES;
				GCC_WARN_ABOUT_RETURN_TYPE = YES_ERROR;
				GCC_WARN_UNDECLARED_SELECTOR = YES;
				GCC_WARN_UNINITIALIZED_AUTOS = YES_AGGRESSIVE;
				GCC_WARN_UNUSED_FUNCTION = YES;
				GCC_WARN_UNUSED_VARIABLE = YES;
				IPHONEOS_DEPLOYMENT_TARGET = 15.4;
				MTL_ENABLE_DEBUG_INFO = NO;
				MTL_FAST_MATH = YES;
				SDKROOT = iphoneos;
				SWIFT_COMPILATION_MODE = wholemodule;
				SWIFT_OPTIMIZATION_LEVEL = "-O";
				VALIDATE_PRODUCT = YES;
			};
			name = Release;
		};
		FA69096728EC0EF200BFA006 /* Debug */ = {
			isa = XCBuildConfiguration;
			baseConfigurationReference = AB5F488695D66A4FF1EC4090 /* Pods-ShortClips.debug.xcconfig */;
			buildSettings = {
				ASSETCATALOG_COMPILER_APPICON_NAME = AppIcon;
				ASSETCATALOG_COMPILER_GLOBAL_ACCENT_COLOR_NAME = AccentColor;
				CODE_SIGN_STYLE = Automatic;
				CURRENT_PROJECT_VERSION = 1;
				GENERATE_INFOPLIST_FILE = YES;
				INFOPLIST_FILE = ShortClips/Info.plist;
				INFOPLIST_KEY_UIApplicationSupportsIndirectInputEvents = YES;
				INFOPLIST_KEY_UILaunchStoryboardName = LaunchScreen;
				INFOPLIST_KEY_UIMainStoryboardFile = Main;
				INFOPLIST_KEY_UISupportedInterfaceOrientations_iPad = "UIInterfaceOrientationPortrait UIInterfaceOrientationPortraitUpsideDown UIInterfaceOrientationLandscapeLeft UIInterfaceOrientationLandscapeRight";
				INFOPLIST_KEY_UISupportedInterfaceOrientations_iPhone = "UIInterfaceOrientationPortrait UIInterfaceOrientationLandscapeLeft UIInterfaceOrientationLandscapeRight";
				IPHONEOS_DEPLOYMENT_TARGET = 13.0;
				LD_RUNPATH_SEARCH_PATHS = (
					"$(inherited)",
					"@executable_path/Frameworks",
				);
				MARKETING_VERSION = 1.0;
				PRODUCT_BUNDLE_IDENTIFIER = com.app.ShortClips;
				PRODUCT_NAME = "$(TARGET_NAME)";
				SWIFT_EMIT_LOC_STRINGS = YES;
				SWIFT_VERSION = 5.0;
				TARGETED_DEVICE_FAMILY = "1,2";
			};
			name = Debug;
		};
		FA69096828EC0EF200BFA006 /* Release */ = {
			isa = XCBuildConfiguration;
			baseConfigurationReference = CE0B67FC4C902A1A938DE060 /* Pods-ShortClips.release.xcconfig */;
			buildSettings = {
				ASSETCATALOG_COMPILER_APPICON_NAME = AppIcon;
				ASSETCATALOG_COMPILER_GLOBAL_ACCENT_COLOR_NAME = AccentColor;
				CODE_SIGN_STYLE = Automatic;
				CURRENT_PROJECT_VERSION = 1;
				GENERATE_INFOPLIST_FILE = YES;
				INFOPLIST_FILE = ShortClips/Info.plist;
				INFOPLIST_KEY_UIApplicationSupportsIndirectInputEvents = YES;
				INFOPLIST_KEY_UILaunchStoryboardName = LaunchScreen;
				INFOPLIST_KEY_UIMainStoryboardFile = Main;
				INFOPLIST_KEY_UISupportedInterfaceOrientations_iPad = "UIInterfaceOrientationPortrait UIInterfaceOrientationPortraitUpsideDown UIInterfaceOrientationLandscapeLeft UIInterfaceOrientationLandscapeRight";
				INFOPLIST_KEY_UISupportedInterfaceOrientations_iPhone = "UIInterfaceOrientationPortrait UIInterfaceOrientationLandscapeLeft UIInterfaceOrientationLandscapeRight";
				IPHONEOS_DEPLOYMENT_TARGET = 13.0;
				LD_RUNPATH_SEARCH_PATHS = (
					"$(inherited)",
					"@executable_path/Frameworks",
				);
				MARKETING_VERSION = 1.0;
				PRODUCT_BUNDLE_IDENTIFIER = com.app.ShortClips;
				PRODUCT_NAME = "$(TARGET_NAME)";
				SWIFT_EMIT_LOC_STRINGS = YES;
				SWIFT_VERSION = 5.0;
				TARGETED_DEVICE_FAMILY = "1,2";
			};
			name = Release;
		};
/* End XCBuildConfiguration section */

/* Begin XCConfigurationList section */
		FA69094A28EC0EEF00BFA006 /* Build configuration list for PBXProject "ShortClips" */ = {
			isa = XCConfigurationList;
			buildConfigurations = (
				FA69096428EC0EF200BFA006 /* Debug */,
				FA69096528EC0EF200BFA006 /* Release */,
			);
			defaultConfigurationIsVisible = 0;
			defaultConfigurationName = Release;
		};
		FA69096628EC0EF200BFA006 /* Build configuration list for PBXNativeTarget "ShortClips" */ = {
			isa = XCConfigurationList;
			buildConfigurations = (
				FA69096728EC0EF200BFA006 /* Debug */,
				FA69096828EC0EF200BFA006 /* Release */,
			);
			defaultConfigurationIsVisible = 0;
			defaultConfigurationName = Release;
		};
/* End XCConfigurationList section */

/* Begin XCVersionGroup section */
		FA69095B28EC0EF000BFA006 /* ShortClips.xcdatamodeld */ = {
			isa = XCVersionGroup;
			children = (
				FA69095C28EC0EF000BFA006 /* ShortClips.xcdatamodel */,
			);
			currentVersion = FA69095C28EC0EF000BFA006 /* ShortClips.xcdatamodel */;
			path = ShortClips.xcdatamodeld;
			sourceTree = "<group>";
			versionGroupType = wrapper.xcdatamodel;
		};
/* End XCVersionGroup section */
	};
	rootObject = FA69094728EC0EEF00BFA006 /* Project object */;
}
